
Microsoft Visual Studio Solution File, Format Version 12.00
# Visual Studio Version 17
VisualStudioVersion = 17.0.31903.59
MinimumVisualStudioVersion = 10.0.40219.1
Project("{FAE04EC0-301F-11D3-BF4B-00C04F79EFBC}") = "DataAccess", "DataAccess\DataAccess.csproj", "{90DA311D-DAA5-4430-80F6-6D9BC4B20D9F}"
EndProject
Project("{FAE04EC0-301F-11D3-BF4B-00C04F79EFBC}") = "Api", "Api\Api.csproj", "{3910747A-0987-4039-A503-DB5DFE76C512}"
EndProject
Global
	GlobalSection(SolutionConfigurationPlatforms) = preSolution
		Debug|Any CPU = Debug|Any CPU
		Release|Any CPU = Release|Any CPU
	EndGlobalSection
	GlobalSection(SolutionProperties) = preSolution
		HideSolutionNode = FALSE
	EndGlobalSection
	GlobalSection(ProjectConfigurationPlatforms) = postSolution
		{90DA311D-DAA5-4430-80F6-6D9BC4B20D9F}.Debug|Any CPU.ActiveCfg = Debug|Any CPU
		{90DA311D-DAA5-4430-80F6-6D9BC4B20D9F}.Debug|Any CPU.Build.0 = Debug|Any CPU
		{90DA311D-DAA5-4430-80F6-6D9BC4B20D9F}.Release|Any CPU.ActiveCfg = Release|Any CPU
		{90DA311D-DAA5-4430-80F6-6D9BC4B20D9F}.Release|Any CPU.Build.0 = Release|Any CPU
		{3910747A-0987-4039-A503-DB5DFE76C512}.Debug|Any CPU.ActiveCfg = Debug|Any CPU
		{3910747A-0987-4039-A503-DB5DFE76C512}.Debug|Any CPU.Build.0 = Debug|Any CPU
		{3910747A-0987-4039-A503-DB5DFE76C512}.Release|Any CPU.ActiveCfg = Release|Any CPU
		{3910747A-0987-4039-A503-DB5DFE76C512}.Release|Any CPU.Build.0 = Release|Any CPU
	EndGlobalSection
EndGlobal
